
Microsoft Visual Studio Solution File, Format Version 12.00
# Visual Studio Version 16
VisualStudioVersion = 16.0.32630.194
MinimumVisualStudioVersion = 10.0.40219.1
Project("{FAE04EC0-301F-11D3-BF4B-00C04F79EFBC}") = "NUnitTideProject", "NUnitTideProject\NUnitTideProject.csproj", "{E75956A4-2233-4E64-A5D7-CEB981FA55A0}"
EndProject
Global
	GlobalSection(SolutionConfigurationPlatforms) = preSolution
		Debug|Any CPU = Debug|Any CPU
		Release|Any CPU = Release|Any CPU
	EndGlobalSection
	GlobalSection(ProjectConfigurationPlatforms) = postSolution
		{E75956A4-2233-4E64-A5D7-CEB981FA55A0}.Debug|Any CPU.ActiveCfg = Debug|Any CPU
		{E75956A4-2233-4E64-A5D7-CEB981FA55A0}.Debug|Any CPU.Build.0 = Debug|Any CPU
		{E75956A4-2233-4E64-A5D7-CEB981FA55A0}.Release|Any CPU.ActiveCfg = Release|Any CPU
		{E75956A4-2233-4E64-A5D7-CEB981FA55A0}.Release|Any CPU.Build.0 = Release|Any CPU
	EndGlobalSection
	GlobalSection(SolutionProperties) = preSolution
		HideSolutionNode = FALSE
	EndGlobalSection
	GlobalSection(ExtensibilityGlobals) = postSolution
		SolutionGuid = {5334A626-DF12-4C23-A716-C21703F3DBF5}
	EndGlobalSection
EndGlobal
